# This file is automatically @generated by Cargo.
# It is not intended for manual editing.
version = 4

[[package]]
name = "codesplice-cli"
version = "0.1.0"
dependencies = [
 "codesplice-core",
 "codesplice-fs",
 "codesplice-protocol",
]

[[package]]
name = "codesplice-core"
version = "0.1.0"

[[package]]
name = "codesplice-fs"
version = "0.1.0"
dependencies = [
 "codesplice-core",
]

[[package]]
name = "codesplice-protocol"
version = "0.1.0"
dependencies = [
 "codesplice-core",
]

[[package]]
name = "codesplice-test-support"
version = "0.1.0"
